// !$*UTF8*$!
{
	archiveVersion = 1;
	classes = {
	};
	objectVersion = 46;
	objects = {

/* Begin PBXBuildFile section */
		5AD4BA5A1E9A5BEA00D62D9C /* AppDelegate.swift in Sources */ = {isa = PBXBuildFile; fileRef = 5AD4BA591E9A5BEA00D62D9C /* AppDelegate.swift */; };
		5AD4BA5C1E9A5BEA00D62D9C /* ViewController.swift in Sources */ = {isa = PBXBuildFile; fileRef = 5AD4BA5B1E9A5BEA00D62D9C /* ViewController.swift */; };
		5AD4BA5F1E9A5BEA00D62D9C /* Main.storyboard in Resources */ = {isa = PBXBuildFile; fileRef = 5AD4BA5D1E9A5BEA00D62D9C /* Main.storyboard */; };
		5AD4BA611E9A5BEA00D62D9C /* Assets.xcassets in Resources */ = {isa = PBXBuildFile; fileRef = 5AD4BA601E9A5BEA00D62D9C /* Assets.xcassets */; };
		5AD4BA641E9A5BEA00D62D9C /* LaunchScreen.storyboard in Resources */ = {isa = PBXBuildFile; fileRef = 5AD4BA621E9A5BEA00D62D9C /* LaunchScreen.storyboard */; };
		5AD4BA6F1E9A5BEA00D62D9C /* TimePickerTests.swift in Sources */ = {isa = PBXBuildFile; fileRef = 5AD4BA6E1E9A5BEA00D62D9C /* TimePickerTests.swift */; };
		5AD4BA7A1E9A5BEA00D62D9C /* TimePickerUITests.swift in Sources */ = {isa = PBXBuildFile; fileRef = 5AD4BA791E9A5BEA00D62D9C /* TimePickerUITests.swift */; };
		5AD4BA881E9A5D0C00D62D9C /* TimePicker.swift in Sources */ = {isa = PBXBuildFile; fileRef = 5AD4BA871E9A5D0C00D62D9C /* TimePicker.swift */; };
/* End PBXBuildFile section */

/* Begin PBXContainerItemProxy section */
		5AD4BA6B1E9A5BEA00D62D9C /* PBXContainerItemProxy */ = {
			isa = PBXContainerItemProxy;
			containerPortal = 5AD4BA4E1E9A5BEA00D62D9C /* Project object */;
			proxyType = 1;
			remoteGlobalIDString = 5AD4BA551E9A5BEA00D62D9C;
			remoteInfo = TimePicker;
		};
		5AD4BA761E9A5BEA00D62D9C /* PBXContainerItemProxy */ = {
			isa = PBXContainerItemProxy;
			containerPortal = 5AD4BA4E1E9A5BEA00D62D9C /* Project object */;
			proxyType = 1;
			remoteGlobalIDString = 5AD4BA551E9A5BEA00D62D9C;
			remoteInfo = TimePicker;
		};
/* End PBXContainerItemProxy section */

/* Begin PBXFileReference section */
		5AD4BA561E9A5BEA00D62D9C /* TimePicker.app */ = {isa = PBXFileReference; explicitFileType = wrapper.application; includeInIndex = 0; path = TimePicker.app; sourceTree = BUILT_PRODUCTS_DIR; };
		5AD4BA591E9A5BEA00D62D9C /* AppDelegate.swift */ = {isa = PBXFileReference; lastKnownFileType = sourcecode.swift; path = AppDelegate.swift; sourceTree = "<group>"; };
		5AD4BA5B1E9A5BEA00D62D9C /* ViewController.swift */ = {isa = PBXFileReference; lastKnownFileType = sourcecode.swift; path = ViewController.swift; sourceTree = "<group>"; };
		5AD4BA5E1E9A5BEA00D62D9C /* Base */ = {isa = PBXFileReference; lastKnownFileType = file.storyboard; name = Base; path = Base.lproj/Main.storyboard; sourceTree = "<group>"; };
		5AD4BA601E9A5BEA00D62D9C /* Assets.xcassets */ = {isa = PBXFileReference; lastKnownFileType = folder.assetcatalog; path = Assets.xcassets; sourceTree = "<group>"; };
		5AD4BA631E9A5BEA00D62D9C /* Base */ = {isa = PBXFileReference; lastKnownFileType = file.storyboard; name = Base; path = Base.lproj/LaunchScreen.storyboard; sourceTree = "<group>"; };
		5AD4BA651E9A5BEA00D62D9C /* Info.plist */ = {isa = PBXFileReference; lastKnownFileType = text.plist.xml; path = Info.plist; sourceTree = "<group>"; };
		5AD4BA6A1E9A5BEA00D62D9C /* TimePickerTests.xctest */ = {isa = PBXFileReference; explicitFileType = wrapper.cfbundle; includeInIndex = 0; path = TimePickerTests.xctest; sourceTree = BUILT_PRODUCTS_DIR; };
		5AD4BA6E1E9A5BEA00D62D9C /* TimePickerTests.swift */ = {isa = PBXFileReference; lastKnownFileType = sourcecode.swift; path = TimePickerTests.swift; sourceTree = "<group>"; };
		5AD4BA701E9A5BEA00D62D9C /* Info.plist */ = {isa = PBXFileReference; lastKnownFileType = text.plist.xml; path = Info.plist; sourceTree = "<group>"; };
		5AD4BA751E9A5BEA00D62D9C /* TimePickerUITests.xctest */ = {isa = PBXFileReference; explicitFileType = wrapper.cfbundle; includeInIndex = 0; path = TimePickerUITests.xctest; sourceTree = BUILT_PRODUCTS_DIR; };
		5AD4BA791E9A5BEA00D62D9C /* TimePickerUITests.swift */ = {isa = PBXFileReference; lastKnownFileType = sourcecode.swift; path = TimePickerUITests.swift; sourceTree = "<group>"; };
		5AD4BA7B1E9A5BEA00D62D9C /* Info.plist */ = {isa = PBXFileReference; lastKnownFileType = text.plist.xml; path = Info.plist; sourceTree = "<group>"; };
		5AD4BA871E9A5D0C00D62D9C /* TimePicker.swift */ = {isa = PBXFileReference; fileEncoding = 4; lastKnownFileType = sourcecode.swift; path = TimePicker.swift; sourceTree = "<group>"; };
/* End PBXFileReference section */

/* Begin PBXFrameworksBuildPhase section */
		5AD4BA531E9A5BEA00D62D9C /* Frameworks */ = {
			isa = PBXFrameworksBuildPhase;
			buildActionMask = 2147483647;
			files = (
			);
			runOnlyForDeploymentPostprocessing = 0;
		};
		5AD4BA671E9A5BEA00D62D9C /* Frameworks */ = {
			isa = PBXFrameworksBuildPhase;
			buildActionMask = 2147483647;
			files = (
			);
			runOnlyForDeploymentPostprocessing = 0;
		};
		5AD4BA721E9A5BEA00D62D9C /* Frameworks */ = {
			isa = PBXFrameworksBuildPhase;
			buildActionMask = 2147483647;
			files = (
			);
			runOnlyForDeploymentPostprocessing = 0;
		};
/* End PBXFrameworksBuildPhase section */

/* Begin PBXGroup section */
		5AD4BA4D1E9A5BEA00D62D9C = {
			isa = PBXGroup;
			children = (
				5AD4BA581E9A5BEA00D62D9C /* TimePicker */,
				5AD4BA6D1E9A5BEA00D62D9C /* TimePickerTests */,
				5AD4BA781E9A5BEA00D62D9C /* TimePickerUITests */,
				5AD4BA571E9A5BEA00D62D9C /* Products */,
			);
			sourceTree = "<group>";
		};
		5AD4BA571E9A5BEA00D62D9C /* Products */ = {
			isa = PBXGroup;
			children = (
				5AD4BA561E9A5BEA00D62D9C /* TimePicker.app */,
				5AD4BA6A1E9A5BEA00D62D9C /* TimePickerTests.xctest */,
				5AD4BA751E9A5BEA00D62D9C /* TimePickerUITests.xctest */,
			);
			name = Products;
			sourceTree = "<group>";
		};
		5AD4BA581E9A5BEA00D62D9C /* TimePicker */ = {
			isa = PBXGroup;
			children = (
				5AD4BA871E9A5D0C00D62D9C /* TimePicker.swift */,
				5AD4BA591E9A5BEA00D62D9C /* AppDelegate.swift */,
				5AD4BA5B1E9A5BEA00D62D9C /* ViewController.swift */,
				5AD4BA5D1E9A5BEA00D62D9C /* Main.storyboard */,
				5AD4BA601E9A5BEA00D62D9C /* Assets.xcassets */,
				5AD4BA621E9A5BEA00D62D9C /* LaunchScreen.storyboard */,
				5AD4BA651E9A5BEA00D62D9C /* Info.plist */,
			);
			path = TimePicker;
			sourceTree = "<group>";
		};
		5AD4BA6D1E9A5BEA00D62D9C /* TimePickerTests */ = {
			isa = PBXGroup;
			children = (
				5AD4BA6E1E9A5BEA00D62D9C /* TimePickerTests.swift */,
				5AD4BA701E9A5BEA00D62D9C /* Info.plist */,
			);
			path = TimePickerTests;
			sourceTree = "<group>";
		};
		5AD4BA781E9A5BEA00D62D9C /* TimePickerUITests */ = {
			isa = PBXGroup;
			children = (
				5AD4BA791E9A5BEA00D62D9C /* TimePickerUITests.swift */,
				5AD4BA7B1E9A5BEA00D62D9C /* Info.plist */,
			);
			path = TimePickerUITests;
			sourceTree = "<group>";
		};
/* End PBXGroup section */

/* Begin PBXNativeTarget section */
		5AD4BA551E9A5BEA00D62D9C /* TimePicker */ = {
			isa = PBXNativeTarget;
			buildConfigurationList = 5AD4BA7E1E9A5BEA00D62D9C /* Build configuration list for PBXNativeTarget "TimePicker" */;
			buildPhases = (
				5AD4BA521E9A5BEA00D62D9C /* Sources */,
				5AD4BA531E9A5BEA00D62D9C /* Frameworks */,
				5AD4BA541E9A5BEA00D62D9C /* Resources */,
			);
			buildRules = (
			);
			dependencies = (
			);
			name = TimePicker;
			productName = TimePicker;
			productReference = 5AD4BA561E9A5BEA00D62D9C /* TimePicker.app */;
			productType = "com.apple.product-type.application";
		};
		5AD4BA691E9A5BEA00D62D9C /* TimePickerTests */ = {
			isa = PBXNativeTarget;
			buildConfigurationList = 5AD4BA811E9A5BEA00D62D9C /* Build configuration list for PBXNativeTarget "TimePickerTests" */;
			buildPhases = (
				5AD4BA661E9A5BEA00D62D9C /* Sources */,
				5AD4BA671E9A5BEA00D62D9C /* Frameworks */,
				5AD4BA681E9A5BEA00D62D9C /* Resources */,
			);
			buildRules = (
			);
			dependencies = (
				5AD4BA6C1E9A5BEA00D62D9C /* PBXTargetDependency */,
			);
			name = TimePickerTests;
			productName = TimePickerTests;
			productReference = 5AD4BA6A1E9A5BEA00D62D9C /* TimePickerTests.xctest */;
			productType = "com.apple.product-type.bundle.unit-test";
		};
		5AD4BA741E9A5BEA00D62D9C /* TimePickerUITests */ = {
			isa = PBXNativeTarget;
			buildConfigurationList = 5AD4BA841E9A5BEA00D62D9C /* Build configuration list for PBXNativeTarget "TimePickerUITests" */;
			buildPhases = (
				5AD4BA711E9A5BEA00D62D9C /* Sources */,
				5AD4BA721E9A5BEA00D62D9C /* Frameworks */,
				5AD4BA731E9A5BEA00D62D9C /* Resources */,
			);
			buildRules = (
			);
			dependencies = (
				5AD4BA771E9A5BEA00D62D9C /* PBXTargetDependency */,
			);
			name = TimePickerUITests;
			productName = TimePickerUITests;
			productReference = 5AD4BA751E9A5BEA00D62D9C /* TimePickerUITests.xctest */;
			productType = "com.apple.product-type.bundle.ui-testing";
		};
/* End PBXNativeTarget section */

/* Begin PBXProject section */
		5AD4BA4E1E9A5BEA00D62D9C /* Project object */ = {
			isa = PBXProject;
			attributes = {
				LastSwiftUpdateCheck = 0820;
				LastUpgradeCheck = 0820;
				ORGANIZATIONNAME = "Bryan Gough";
				TargetAttributes = {
					5AD4BA551E9A5BEA00D62D9C = {
						CreatedOnToolsVersion = 8.2.1;
						DevelopmentTeam = 53THWC9JX9;
						ProvisioningStyle = Automatic;
					};
					5AD4BA691E9A5BEA00D62D9C = {
						CreatedOnToolsVersion = 8.2.1;
						DevelopmentTeam = 53THWC9JX9;
						ProvisioningStyle = Automatic;
						TestTargetID = 5AD4BA551E9A5BEA00D62D9C;
					};
					5AD4BA741E9A5BEA00D62D9C = {
						CreatedOnToolsVersion = 8.2.1;
						DevelopmentTeam = 53THWC9JX9;
						ProvisioningStyle = Automatic;
						TestTargetID = 5AD4BA551E9A5BEA00D62D9C;
					};
				};
			};
			buildConfigurationList = 5AD4BA511E9A5BEA00D62D9C /* Build configuration list for PBXProject "TimePicker" */;
			compatibilityVersion = "Xcode 3.2";
			developmentRegion = English;
			hasScannedForEncodings = 0;
			knownRegions = (
				en,
				Base,
			);
			mainGroup = 5AD4BA4D1E9A5BEA00D62D9C;
			productRefGroup = 5AD4BA571E9A5BEA00D62D9C /* Products */;
			projectDirPath = "";
			projectRoot = "";
			targets = (
				5AD4BA551E9A5BEA00D62D9C /* TimePicker */,
				5AD4BA691E9A5BEA00D62D9C /* TimePickerTests */,
				5AD4BA741E9A5BEA00D62D9C /* TimePickerUITests */,
			);
		};
/* End PBXProject section */

/* Begin PBXResourcesBuildPhase section */
		5AD4BA541E9A5BEA00D62D9C /* Resources */ = {
			isa = PBXResourcesBuildPhase;
			buildActionMask = 2147483647;
			files = (
				5AD4BA641E9A5BEA00D62D9C /* LaunchScreen.storyboard in Resources */,
				5AD4BA611E9A5BEA00D62D9C /* Assets.xcassets in Resources */,
				5AD4BA5F1E9A5BEA00D62D9C /* Main.storyboard in Resources */,
			);
			runOnlyForDeploymentPostprocessing = 0;
		};
		5AD4BA681E9A5BEA00D62D9C /* Resources */ = {
			isa = PBXResourcesBuildPhase;
			buildActionMask = 2147483647;
			files = (
			);
			runOnlyForDeploymentPostprocessing = 0;
		};
		5AD4BA731E9A5BEA00D62D9C /* Resources */ = {
			isa = PBXResourcesBuildPhase;
			buildActionMask = 2147483647;
			files = (
			);
			runOnlyForDeploymentPostprocessing = 0;
		};
/* End PBXResourcesBuildPhase section */

/* Begin PBXSourcesBuildPhase section */
		5AD4BA521E9A5BEA00D62D9C /* Sources */ = {
			isa = PBXSourcesBuildPhase;
			buildActionMask = 2147483647;
			files = (
				5AD4BA881E9A5D0C00D62D9C /* TimePicker.swift in Sources */,
				5AD4BA5C1E9A5BEA00D62D9C /* ViewController.swift in Sources */,
				5AD4BA5A1E9A5BEA00D62D9C /* AppDelegate.swift in Sources */,
			);
			runOnlyForDeploymentPostprocessing = 0;
		};
		5AD4BA661E9A5BEA00D62D9C /* Sources */ = {
			isa = PBXSourcesBuildPhase;
			buildActionMask = 2147483647;
			files = (
				5AD4BA6F1E9A5BEA00D62D9C /* TimePickerTests.swift in Sources */,
			);
			runOnlyForDeploymentPostprocessing = 0;
		};
		5AD4BA711E9A5BEA00D62D9C /* Sources */ = {
			isa = PBXSourcesBuildPhase;
			buildActionMask = 2147483647;
			files = (
				5AD4BA7A1E9A5BEA00D62D9C /* TimePickerUITests.swift in Sources */,
			);
			runOnlyForDeploymentPostprocessing = 0;
		};
/* End PBXSourcesBuildPhase section */

/* Begin PBXTargetDependency section */
		5AD4BA6C1E9A5BEA00D62D9C /* PBXTargetDependency */ = {
			isa = PBXTargetDependency;
			target = 5AD4BA551E9A5BEA00D62D9C /* TimePicker */;
			targetProxy = 5AD4BA6B1E9A5BEA00D62D9C /* PBXContainerItemProxy */;
		};
		5AD4BA771E9A5BEA00D62D9C /* PBXTargetDependency */ = {
			isa = PBXTargetDependency;
			target = 5AD4BA551E9A5BEA00D62D9C /* TimePicker */;
			targetProxy = 5AD4BA761E9A5BEA00D62D9C /* PBXContainerItemProxy */;
		};
/* End PBXTargetDependency section */

/* Begin PBXVariantGroup section */
		5AD4BA5D1E9A5BEA00D62D9C /* Main.storyboard */ = {
			isa = PBXVariantGroup;
			children = (
				5AD4BA5E1E9A5BEA00D62D9C /* Base */,
			);
			name = Main.storyboard;
			sourceTree = "<group>";
		};
		5AD4BA621E9A5BEA00D62D9C /* LaunchScreen.storyboard */ = {
			isa = PBXVariantGroup;
			children = (
				5AD4BA631E9A5BEA00D62D9C /* Base */,
			);
			name = LaunchScreen.storyboard;
			sourceTree = "<group>";
		};
/* End PBXVariantGroup section */

/* Begin XCBuildConfiguration section */
		5AD4BA7C1E9A5BEA00D62D9C /* Debug */ = {
			isa = XCBuildConfiguration;
			buildSettings = {
				ALWAYS_SEARCH_USER_PATHS = NO;
				CLANG_ANALYZER_NONNULL = YES;
				CLANG_CXX_LANGUAGE_STANDARD = "gnu++0x";
				CLANG_CXX_LIBRARY = "libc++";
				CLANG_ENABLE_MODULES = YES;
				CLANG_ENABLE_OBJC_ARC = YES;
				CLANG_WARN_BOOL_CONVERSION = YES;
				CLANG_WARN_CONSTANT_CONVERSION = YES;
				CLANG_WARN_DIRECT_OBJC_ISA_USAGE = YES_ERROR;
				CLANG_WARN_DOCUMENTATION_COMMENTS = YES;
				CLANG_WARN_EMPTY_BODY = YES;
				CLANG_WARN_ENUM_CONVERSION = YES;
				CLANG_WARN_INFINITE_RECURSION = YES;
				CLANG_WARN_INT_CONVERSION = YES;
				CLANG_WARN_OBJC_ROOT_CLASS = YES_ERROR;
				CLANG_WARN_SUSPICIOUS_MOVE = YES;
				CLANG_WARN_UNREACHABLE_CODE = YES;
				CLANG_WARN__DUPLICATE_METHOD_MATCH = YES;
				"CODE_SIGN_IDENTITY[sdk=iphoneos*]" = "iPhone Developer";
				COPY_PHASE_STRIP = NO;
				DEBUG_INFORMATION_FORMAT = dwarf;
				ENABLE_STRICT_OBJC_MSGSEND = YES;
				ENABLE_TESTABILITY = YES;
				GCC_C_LANGUAGE_STANDARD = gnu99;
				GCC_DYNAMIC_NO_PIC = NO;
				GCC_NO_COMMON_BLOCKS = YES;
				GCC_OPTIMIZATION_LEVEL = 0;
				GCC_PREPROCESSOR_DEFINITIONS = (
					"DEBUG=1",
					"$(inherited)",
				);
				GCC_WARN_64_TO_32_BIT_CONVERSION = YES;
				GCC_WARN_ABOUT_RETURN_TYPE = YES_ERROR;
				GCC_WARN_UNDECLARED_SELECTOR = YES;
				GCC_WARN_UNINITIALIZED_AUTOS = YES_AGGRESSIVE;
				GCC_WARN_UNUSED_FUNCTION = YES;
				GCC_WARN_UNUSED_VARIABLE = YES;
				IPHONEOS_DEPLOYMENT_TARGET = 10.2;
				MTL_ENABLE_DEBUG_INFO = YES;
				ONLY_ACTIVE_ARCH = YES;
				SDKROOT = iphoneos;
				SWIFT_ACTIVE_COMPILATION_CONDITIONS = DEBUG;
				SWIFT_OPTIMIZATION_LEVEL = "-Onone";
				TARGETED_DEVICE_FAMILY = "1,2";
			};
			name = Debug;
		};
		5AD4BA7D1E9A5BEA00D62D9C /* Release */ = {
			isa = XCBuildConfiguration;
			buildSettings = {
				ALWAYS_SEARCH_USER_PATHS = NO;
				CLANG_ANALYZER_NONNULL = YES;
				CLANG_CXX_LANGUAGE_STANDARD = "gnu++0x";
				CLANG_CXX_LIBRARY = "libc++";
				CLANG_ENABLE_MODULES = YES;
				CLANG_ENABLE_OBJC_ARC = YES;
				CLANG_WARN_BOOL_CONVERSION = YES;
				CLANG_WARN_CONSTANT_CONVERSION = YES;
				CLANG_WARN_DIRECT_OBJC_ISA_USAGE = YES_ERROR;
				CLANG_WARN_DOCUMENTATION_COMMENTS = YES;
				CLANG_WARN_EMPTY_BODY = YES;
				CLANG_WARN_ENUM_CONVERSION = YES;
				CLANG_WARN_INFINITE_RECURSION = YES;
				CLANG_WARN_INT_CONVERSION = YES;
				CLANG_WARN_OBJC_ROOT_CLASS = YES_ERROR;
				CLANG_WARN_SUSPICIOUS_MOVE = YES;
				CLANG_WARN_UNREACHABLE_CODE = YES;
				CLANG_WARN__DUPLICATE_METHOD_MATCH = YES;
				"CODE_SIGN_IDENTITY[sdk=iphoneos*]" = "iPhone Developer";
				COPY_PHASE_STRIP = NO;
				DEBUG_INFORMATION_FORMAT = "dwarf-with-dsym";
				ENABLE_NS_ASSERTIONS = NO;
				ENABLE_STRICT_OBJC_MSGSEND = YES;
				GCC_C_LANGUAGE_STANDARD = gnu99;
				GCC_NO_COMMON_BLOCKS = YES;
				GCC_WARN_64_TO_32_BIT_CONVERSION = YES;
				GCC_WARN_ABOUT_RETURN_TYPE = YES_ERROR;
				GCC_WARN_UNDECLARED_SELECTOR = YES;
				GCC_WARN_UNINITIALIZED_AUTOS = YES_AGGRESSIVE;
				GCC_WARN_UNUSED_FUNCTION = YES;
				GCC_WARN_UNUSED_VARIABLE = YES;
				IPHONEOS_DEPLOYMENT_TARGET = 10.2;
				MTL_ENABLE_DEBUG_INFO = NO;
				SDKROOT = iphoneos;
				SWIFT_OPTIMIZATION_LEVEL = "-Owholemodule";
				TARGETED_DEVICE_FAMILY = "1,2";
				VALIDATE_PRODUCT = YES;
			};
			name = Release;
		};
		5AD4BA7F1E9A5BEA00D62D9C /* Debug */ = {
			isa = XCBuildConfiguration;
			buildSettings = {
				ASSETCATALOG_COMPILER_APPICON_NAME = AppIcon;
				DEVELOPMENT_TEAM = 53THWC9JX9;
				INFOPLIST_FILE = TimePicker/Info.plist;
				LD_RUNPATH_SEARCH_PATHS = "$(inherited) @executable_path/Frameworks";
				PRODUCT_BUNDLE_IDENTIFIER = com.bryangough.TimePicker;
				PRODUCT_NAME = "$(TARGET_NAME)";
				SWIFT_VERSION = 3.0;
			};
			name = Debug;
		};
		5AD4BA801E9A5BEA00D62D9C /* Release */ = {
			isa = XCBuildConfiguration;
			buildSettings = {
				ASSETCATALOG_COMPILER_APPICON_NAME = AppIcon;
				DEVELOPMENT_TEAM = 53THWC9JX9;
				INFOPLIST_FILE = TimePicker/Info.plist;
				LD_RUNPATH_SEARCH_PATHS = "$(inherited) @executable_path/Frameworks";
				PRODUCT_BUNDLE_IDENTIFIER = com.bryangough.TimePicker;
				PRODUCT_NAME = "$(TARGET_NAME)";
				SWIFT_VERSION = 3.0;
			};
			name = Release;
		};
		5AD4BA821E9A5BEA00D62D9C /* Debug */ = {
			isa = XCBuildConfiguration;
			buildSettings = {
				ALWAYS_EMBED_SWIFT_STANDARD_LIBRARIES = YES;
				BUNDLE_LOADER = "$(TEST_HOST)";
				DEVELOPMENT_TEAM = 53THWC9JX9;
				INFOPLIST_FILE = TimePickerTests/Info.plist;
				LD_RUNPATH_SEARCH_PATHS = "$(inherited) @executable_path/Frameworks @loader_path/Frameworks";
				PRODUCT_BUNDLE_IDENTIFIER = com.bryangough.TimePickerTests;
				PRODUCT_NAME = "$(TARGET_NAME)";
				SWIFT_VERSION = 3.0;
				TEST_HOST = "$(BUILT_PRODUCTS_DIR)/TimePicker.app/TimePicker";
			};
			name = Debug;
		};
		5AD4BA831E9A5BEA00D62D9C /* Release */ = {
			isa = XCBuildConfiguration;
			buildSettings = {
				ALWAYS_EMBED_SWIFT_STANDARD_LIBRARIES = YES;
				BUNDLE_LOADER = "$(TEST_HOST)";
				DEVELOPMENT_TEAM = 53THWC9JX9;
				INFOPLIST_FILE = TimePickerTests/Info.plist;
				LD_RUNPATH_SEARCH_PATHS = "$(inherited) @executable_path/Frameworks @loader_path/Frameworks";
				PRODUCT_BUNDLE_IDENTIFIER = com.bryangough.TimePickerTests;
				PRODUCT_NAME = "$(TARGET_NAME)";
				SWIFT_VERSION = 3.0;
				TEST_HOST = "$(BUILT_PRODUCTS_DIR)/TimePicker.app/TimePicker";
			};
			name = Release;
		};
		5AD4BA851E9A5BEA00D62D9C /* Debug */ = {
			isa = XCBuildConfiguration;
			buildSettings = {
				ALWAYS_EMBED_SWIFT_STANDARD_LIBRARIES = YES;
				DEVELOPMENT_TEAM = 53THWC9JX9;
				INFOPLIST_FILE = TimePickerUITests/Info.plist;
				LD_RUNPATH_SEARCH_PATHS = "$(inherited) @executable_path/Frameworks @loader_path/Frameworks";
				PRODUCT_BUNDLE_IDENTIFIER = com.bryangough.TimePickerUITests;
				PRODUCT_NAME = "$(TARGET_NAME)";
				SWIFT_VERSION = 3.0;
				TEST_TARGET_NAME = TimePicker;
			};
			name = Debug;
		};
		5AD4BA861E9A5BEA00D62D9C /* Release */ = {
			isa = XCBuildConfiguration;
			buildSettings = {
				ALWAYS_EMBED_SWIFT_STANDARD_LIBRARIES = YES;
				DEVELOPMENT_TEAM = 53THWC9JX9;
				INFOPLIST_FILE = TimePickerUITests/Info.plist;
				LD_RUNPATH_SEARCH_PATHS = "$(inherited) @executable_path/Frameworks @loader_path/Frameworks";
				PRODUCT_BUNDLE_IDENTIFIER = com.bryangough.TimePickerUITests;
				PRODUCT_NAME = "$(TARGET_NAME)";
				SWIFT_VERSION = 3.0;
				TEST_TARGET_NAME = TimePicker;
			};
			name = Release;
		};
/* End XCBuildConfiguration section */

/* Begin XCConfigurationList section */
		5AD4BA511E9A5BEA00D62D9C /* Build configuration list for PBXProject "TimePicker" */ = {
			isa = XCConfigurationList;
			buildConfigurations = (
				5AD4BA7C1E9A5BEA00D62D9C /* Debug */,
				5AD4BA7D1E9A5BEA00D62D9C /* Release */,
			);
			defaultConfigurationIsVisible = 0;
			defaultConfigurationName = Release;
		};
		5AD4BA7E1E9A5BEA00D62D9C /* Build configuration list for PBXNativeTarget "TimePicker" */ = {
			isa = XCConfigurationList;
			buildConfigurations = (
				5AD4BA7F1E9A5BEA00D62D9C /* Debug */,
				5AD4BA801E9A5BEA00D62D9C /* Release */,
			);
			defaultConfigurationIsVisible = 0;
		};
		5AD4BA811E9A5BEA00D62D9C /* Build configuration list for PBXNativeTarget "TimePickerTests" */ = {
			isa = XCConfigurationList;
			buildConfigurations = (
				5AD4BA821E9A5BEA00D62D9C /* Debug */,
				5AD4BA831E9A5BEA00D62D9C /* Release */,
			);
			defaultConfigurationIsVisible = 0;
		};
		5AD4BA841E9A5BEA00D62D9C /* Build configuration list for PBXNativeTarget "TimePickerUITests" */ = {
			isa = XCConfigurationList;
			buildConfigurations = (
				5AD4BA851E9A5BEA00D62D9C /* Debug */,
				5AD4BA861E9A5BEA00D62D9C /* Release */,
			);
			defaultConfigurationIsVisible = 0;
		};
/* End XCConfigurationList section */
	};
	rootObject = 5AD4BA4E1E9A5BEA00D62D9C /* Project object */;
}
